
Microsoft Visual Studio Solution File, Format Version 12.00
# Visual Studio Version 17
VisualStudioVersion = 17.9.34526.213
MinimumVisualStudioVersion = 10.0.40219.1
Project("{FAE04EC0-301F-11D3-BF4B-00C04F79EFBC}") = "MauiApp3", "MauiApp3\MauiApp3.csproj", "{A2499F1C-3B8E-4FE6-9B97-93DE2989A707}"
EndProject
Global
	GlobalSection(SolutionConfigurationPlatforms) = preSolution
		Debug|Any CPU = Debug|Any CPU
		Release|Any CPU = Release|Any CPU
	EndGlobalSection
	GlobalSection(ProjectConfigurationPlatforms) = postSolution
		{A2499F1C-3B8E-4FE6-9B97-93DE2989A707}.Debug|Any CPU.ActiveCfg = Debug|Any CPU
		{A2499F1C-3B8E-4FE6-9B97-93DE2989A707}.Debug|Any CPU.Build.0 = Debug|Any CPU
		{A2499F1C-3B8E-4FE6-9B97-93DE2989A707}.Debug|Any CPU.Deploy.0 = Debug|Any CPU
		{A2499F1C-3B8E-4FE6-9B97-93DE2989A707}.Release|Any CPU.ActiveCfg = Release|Any CPU
		{A2499F1C-3B8E-4FE6-9B97-93DE2989A707}.Release|Any CPU.Build.0 = Release|Any CPU
		{A2499F1C-3B8E-4FE6-9B97-93DE2989A707}.Release|Any CPU.Deploy.0 = Release|Any CPU
	EndGlobalSection
	GlobalSection(SolutionProperties) = preSolution
		HideSolutionNode = FALSE
	EndGlobalSection
	GlobalSection(ExtensibilityGlobals) = postSolution
		SolutionGuid = {ECA9A4FA-8279-4588-A427-E574E6F3F1A1}
	EndGlobalSection
EndGlobal
